Microsoft Visual Studio Solution File, Format Version 12.00
# Visual Studio Version 17
VisualStudioVersion = 17.5.2.0
MinimumVisualStudioVersion = 10.0.40219.1
Project("{2150E333-8FDC-42A3-9474-1A3956D46DE8}") = "code-samples", "code-samples", "{DBC3C40F-5A5F-C97C-59E0-60C90B4D8B0B}"
EndProject
Project("{2150E333-8FDC-42A3-9474-1A3956D46DE8}") = "serving", "serving", "{A545F700-24C4-A6EB-70B7-59F1478A0564}"
EndProject
Project("{2150E333-8FDC-42A3-9474-1A3956D46DE8}") = "cloudevents", "cloudevents", "{BC9079E4-D60E-7803-D8D5-E1C6ACA71485}"
EndProject
Project("{FAE04EC0-301F-11D3-BF4B-00C04F79EFBC}") = "CloudEventsSample", "code-samples\serving\cloudevents\cloudevents-dotnet\CloudEventsSample.csproj", "{CE50E504-CB7C-2EF6-3B0D-A763B9BF6BE2}"
EndProject
Project("{2150E333-8FDC-42A3-9474-1A3956D46DE8}") = "hello-world", "hello-world", "{1332EF40-DE5E-390C-1FBD-370BEFD5CA25}"
EndProject
Project("{FAE04EC0-301F-11D3-BF4B-00C04F79EFBC}") = "helloworld-csharp", "code-samples\serving\hello-world\helloworld-csharp\helloworld-csharp.csproj", "{DA92455F-1E3D-9DF4-2104-EDB668A5221E}"
EndProject
Global
	GlobalSection(SolutionConfigurationPlatforms) = preSolution
		Debug|Any CPU = Debug|Any CPU
		Release|Any CPU = Release|Any CPU
	EndGlobalSection
	GlobalSection(ProjectConfigurationPlatforms) = postSolution
		{CE50E504-CB7C-2EF6-3B0D-A763B9BF6BE2}.Debug|Any CPU.ActiveCfg = Debug|Any CPU
		{CE50E504-CB7C-2EF6-3B0D-A763B9BF6BE2}.Debug|Any CPU.Build.0 = Debug|Any CPU
		{CE50E504-CB7C-2EF6-3B0D-A763B9BF6BE2}.Release|Any CPU.ActiveCfg = Release|Any CPU
		{CE50E504-CB7C-2EF6-3B0D-A763B9BF6BE2}.Release|Any CPU.Build.0 = Release|Any CPU
		{DA92455F-1E3D-9DF4-2104-EDB668A5221E}.Debug|Any CPU.ActiveCfg = Debug|Any CPU
		{DA92455F-1E3D-9DF4-2104-EDB668A5221E}.Debug|Any CPU.Build.0 = Debug|Any CPU
		{DA92455F-1E3D-9DF4-2104-EDB668A5221E}.Release|Any CPU.ActiveCfg = Release|Any CPU
		{DA92455F-1E3D-9DF4-2104-EDB668A5221E}.Release|Any CPU.Build.0 = Release|Any CPU
	EndGlobalSection
	GlobalSection(SolutionProperties) = preSolution
		HideSolutionNode = FALSE
	EndGlobalSection
	GlobalSection(NestedProjects) = preSolution
		{A545F700-24C4-A6EB-70B7-59F1478A0564} = {DBC3C40F-5A5F-C97C-59E0-60C90B4D8B0B}
		{BC9079E4-D60E-7803-D8D5-E1C6ACA71485} = {A545F700-24C4-A6EB-70B7-59F1478A0564}
		{CE50E504-CB7C-2EF6-3B0D-A763B9BF6BE2} = {BC9079E4-D60E-7803-D8D5-E1C6ACA71485}
		{1332EF40-DE5E-390C-1FBD-370BEFD5CA25} = {A545F700-24C4-A6EB-70B7-59F1478A0564}
		{DA92455F-1E3D-9DF4-2104-EDB668A5221E} = {1332EF40-DE5E-390C-1FBD-370BEFD5CA25}
	EndGlobalSection
	GlobalSection(ExtensibilityGlobals) = postSolution
		SolutionGuid = {EDCC2163-0DBB-4269-8202-D97D35997A1C}
	EndGlobalSection
EndGlobal
